
Microsoft Visual Studio Solution File, Format Version 12.00
# Visual Studio Version 17
VisualStudioVersion = 17.2.32616.157
MinimumVisualStudioVersion = 10.0.40219.1
Project("{FAE04EC0-301F-11D3-BF4B-00C04F79EFBC}") = "ImplicitExplicit.Console", "ImplicitExplicit.Console\ImplicitExplicit.Console.csproj", "{44EA9237-6AB9-4400-ACF4-A0B979A79D83}"
EndProject
Global
	GlobalSection(SolutionConfigurationPlatforms) = preSolution
		Debug|Any CPU = Debug|Any CPU
		Release|Any CPU = Release|Any CPU
	EndGlobalSection
	GlobalSection(ProjectConfigurationPlatforms) = postSolution
		{44EA9237-6AB9-4400-ACF4-A0B979A79D83}.Debug|Any CPU.ActiveCfg = Debug|Any CPU
		{44EA9237-6AB9-4400-ACF4-A0B979A79D83}.Debug|Any CPU.Build.0 = Debug|Any CPU
		{44EA9237-6AB9-4400-ACF4-A0B979A79D83}.Release|Any CPU.ActiveCfg = Release|Any CPU
		{44EA9237-6AB9-4400-ACF4-A0B979A79D83}.Release|Any CPU.Build.0 = Release|Any CPU
	EndGlobalSection
	GlobalSection(SolutionProperties) = preSolution
		HideSolutionNode = FALSE
	EndGlobalSection
	GlobalSection(ExtensibilityGlobals) = postSolution
		SolutionGuid = {E24D74DC-CDF1-45CC-8466-65A66E123F08}
	EndGlobalSection
EndGlobal
